
Microsoft Visual Studio Solution File, Format Version 12.00
# Visual Studio Version 17
VisualStudioVersion = 17.14.36518.9
MinimumVisualStudioVersion = 10.0.40219.1
Project("{2150E333-8FDC-42A3-9474-1A3956D46DE8}") = "Task0", "Task0", "{02EA681E-C7D8-13C7-8484-4AC65E1B71E8}"
EndProject
Project("{FAE04EC0-301F-11D3-BF4B-00C04F79EFBC}") = "Tyuiu.NeldnerMK.Sprint5.Task0.V25", "Tyuiu.NeldnerMK.Sprint5.Task0.V25\Tyuiu.NeldnerMK.Sprint5.Task0.V25.csproj", "{1D150065-A8FA-44C9-9893-22655C305A79}"
EndProject
Project("{FAE04EC0-301F-11D3-BF4B-00C04F79EFBC}") = "Tyuiu.NeldnerMK.Sprint5.Task0.V25.Test", "Tyuiu.NeldnerMK.Sprint5.Task0.V25.Test\Tyuiu.NeldnerMK.Sprint5.Task0.V25.Test.csproj", "{BE1A2732-F06A-44F0-B9D0-D39EEDCB928A}"
EndProject
Project("{FAE04EC0-301F-11D3-BF4B-00C04F79EFBC}") = "Tyuiu.NeldnerMK.Sprint5.Task0.V25.Lib", "Tyuiu.NeldnerMK.Sprint5.Task0.V25.Lib\Tyuiu.NeldnerMK.Sprint5.Task0.V25.Lib.csproj", "{3F3A9B10-2DB3-4BC1-B0EF-50615FBDA81C}"
EndProject
Project("{2150E333-8FDC-42A3-9474-1A3956D46DE8}") = "Task1", "Task1", "{6D228A7D-2343-48D9-92D8-972DC460A18F}"
EndProject
Project("{FAE04EC0-301F-11D3-BF4B-00C04F79EFBC}") = "Tyuiu.NeldnerMK.Sprint5.Task1.V2", "Tyuiu.NeldnerMK.Sprint5.Task1.V2\Tyuiu.NeldnerMK.Sprint5.Task1.V2.csproj", "{87F17CC3-7B1C-4065-87C7-C60CA014B4B4}"
EndProject
Project("{FAE04EC0-301F-11D3-BF4B-00C04F79EFBC}") = "Tyuiu.NeldnerMK.Sprint5.Task1.V2.Lib", "Tyuiu.NeldnerMK.Sprint5.Task1.V2.Lib\Tyuiu.NeldnerMK.Sprint5.Task1.V2.Lib.csproj", "{F9DBAA76-AACA-4ECB-8A8F-2197DE3689A7}"
EndProject
Project("{FAE04EC0-301F-11D3-BF4B-00C04F79EFBC}") = "Tyuiu.NeldnerMK.Sprint5.Task1.V2.Test", "Tyuiu.NeldnerMK.Sprint5.Task1.V2.Test\Tyuiu.NeldnerMK.Sprint5.Task1.V2.Test.csproj", "{D5B599A3-4E8E-4243-8184-0E9F78834BC2}"
EndProject
Project("{2150E333-8FDC-42A3-9474-1A3956D46DE8}") = "Task2", "Task2", "{1101C9EC-D11D-4D7D-BBDC-2353F30D1E9A}"
EndProject
Project("{FAE04EC0-301F-11D3-BF4B-00C04F79EFBC}") = "Tyuiu.NeldnerMK.Sprint5.Task2.V2", "Tyuiu.NeldnerMK.Sprint5.Task2.V2\Tyuiu.NeldnerMK.Sprint5.Task2.V2.csproj", "{837C4202-7B5B-4962-8ED8-83C600D28F84}"
EndProject
Project("{FAE04EC0-301F-11D3-BF4B-00C04F79EFBC}") = "Tyuiu.NeldnerMK.Sprint5.Task2.V2.Lib", "Tyuiu.NeldnerMK.Sprint5.Task2.V2.Lib\Tyuiu.NeldnerMK.Sprint5.Task2.V2.Lib.csproj", "{BB9C6505-760C-4208-83A8-06650BA7D903}"
EndProject
Project("{FAE04EC0-301F-11D3-BF4B-00C04F79EFBC}") = "Tyuiu.NeldnerMK.Sprint5.Task2.V2.Test", "Tyuiu.NeldnerMK.Sprint5.Task2.V2.Test\Tyuiu.NeldnerMK.Sprint5.Task2.V2.Test.csproj", "{7507E0C5-B030-48C3-AFA0-669738FD3151}"
EndProject
Project("{2150E333-8FDC-42A3-9474-1A3956D46DE8}") = "Task3", "Task3", "{F1E5B67A-F220-423B-904A-99D43991D5E7}"
EndProject
Project("{FAE04EC0-301F-11D3-BF4B-00C04F79EFBC}") = "Tyuiu.NeldnerMK.Sprint5.Task3.V16", "Tyuiu.NeldnerMK.Sprint5.Task3.V16\Tyuiu.NeldnerMK.Sprint5.Task3.V16.csproj", "{A4653171-08E0-4407-99FD-8A8DDF393B7A}"
EndProject
Project("{FAE04EC0-301F-11D3-BF4B-00C04F79EFBC}") = "Tyuiu.NeldnerMK.Sprint5.Task3.V16.Lib", "Tyuiu.NeldnerMK.Sprint5.Task3.V16.Lib\Tyuiu.NeldnerMK.Sprint5.Task3.V16.Lib.csproj", "{B7B99C82-B984-429F-A25F-9D4AD668C544}"
EndProject
Project("{FAE04EC0-301F-11D3-BF4B-00C04F79EFBC}") = "Tyuiu.NeldnerMK.Sprint5.Task3.V16.Test", "Tyuiu.NeldnerMK.Sprint5.Task3.V16.Test\Tyuiu.NeldnerMK.Sprint5.Task3.V16.Test.csproj", "{07A02223-A1DC-4BB9-8AAD-C47E018FAF1A}"
EndProject
Project("{2150E333-8FDC-42A3-9474-1A3956D46DE8}") = "Task4", "Task4", "{547755FB-C8C9-49CF-9BC1-7017454F58D2}"
EndProject
Project("{FAE04EC0-301F-11D3-BF4B-00C04F79EFBC}") = "Tyuiu.NeldnerMK.Sprint5.Task4.V10", "Tyuiu.NeldnerMK.Sprint5.Task4.V10\Tyuiu.NeldnerMK.Sprint5.Task4.V10.csproj", "{70A954B9-4C42-4E01-9257-60487E6E57E2}"
EndProject
Project("{FAE04EC0-301F-11D3-BF4B-00C04F79EFBC}") = "Tyuiu.NeldnerMK.Sprint5.Task4.V10.Lib", "Tyuiu.NeldnerMK.Sprint5.Task4.V10.Lib\Tyuiu.NeldnerMK.Sprint5.Task4.V10.Lib.csproj", "{CAF95E25-E1E4-4147-A88E-47641D8E6F4A}"
EndProject
Project("{FAE04EC0-301F-11D3-BF4B-00C04F79EFBC}") = "Tyuiu.NeldnerMK.Sprint5.Task4.V10.Test", "Tyuiu.NeldnerMK.Sprint5.Task4.V10.Test\Tyuiu.NeldnerMK.Sprint5.Task4.V10.Test.csproj", "{FE88FBE4-CFAB-4040-B11C-B6013EE2D11D}"
EndProject
Global
	GlobalSection(SolutionConfigurationPlatforms) = preSolution
		Debug|Any CPU = Debug|Any CPU
		Release|Any CPU = Release|Any CPU
	EndGlobalSection
	GlobalSection(ProjectConfigurationPlatforms) = postSolution
		{1D150065-A8FA-44C9-9893-22655C305A79}.Debug|Any CPU.ActiveCfg = Debug|Any CPU
		{1D150065-A8FA-44C9-9893-22655C305A79}.Debug|Any CPU.Build.0 = Debug|Any CPU
		{1D150065-A8FA-44C9-9893-22655C305A79}.Release|Any CPU.ActiveCfg = Release|Any CPU
		{1D150065-A8FA-44C9-9893-22655C305A79}.Release|Any CPU.Build.0 = Release|Any CPU
		{BE1A2732-F06A-44F0-B9D0-D39EEDCB928A}.Debug|Any CPU.ActiveCfg = Debug|Any CPU
		{BE1A2732-F06A-44F0-B9D0-D39EEDCB928A}.Debug|Any CPU.Build.0 = Debug|Any CPU
		{BE1A2732-F06A-44F0-B9D0-D39EEDCB928A}.Release|Any CPU.ActiveCfg = Release|Any CPU
		{BE1A2732-F06A-44F0-B9D0-D39EEDCB928A}.Release|Any CPU.Build.0 = Release|Any CPU
		{3F3A9B10-2DB3-4BC1-B0EF-50615FBDA81C}.Debug|Any CPU.ActiveCfg = Debug|Any CPU
		{3F3A9B10-2DB3-4BC1-B0EF-50615FBDA81C}.Debug|Any CPU.Build.0 = Debug|Any CPU
		{3F3A9B10-2DB3-4BC1-B0EF-50615FBDA81C}.Release|Any CPU.ActiveCfg = Release|Any CPU
		{3F3A9B10-2DB3-4BC1-B0EF-50615FBDA81C}.Release|Any CPU.Build.0 = Release|Any CPU
		{87F17CC3-7B1C-4065-87C7-C60CA014B4B4}.Debug|Any CPU.ActiveCfg = Debug|Any CPU
		{87F17CC3-7B1C-4065-87C7-C60CA014B4B4}.Debug|Any CPU.Build.0 = Debug|Any CPU
		{87F17CC3-7B1C-4065-87C7-C60CA014B4B4}.Release|Any CPU.ActiveCfg = Release|Any CPU
		{87F17CC3-7B1C-4065-87C7-C60CA014B4B4}.Release|Any CPU.Build.0 = Release|Any CPU
		{F9DBAA76-AACA-4ECB-8A8F-2197DE3689A7}.Debug|Any CPU.ActiveCfg = Debug|Any CPU
		{F9DBAA76-AACA-4ECB-8A8F-2197DE3689A7}.Debug|Any CPU.Build.0 = Debug|Any CPU
		{F9DBAA76-AACA-4ECB-8A8F-2197DE3689A7}.Release|Any CPU.ActiveCfg = Release|Any CPU
		{F9DBAA76-AACA-4ECB-8A8F-2197DE3689A7}.Release|Any CPU.Build.0 = Release|Any CPU
		{D5B599A3-4E8E-4243-8184-0E9F78834BC2}.Debug|Any CPU.ActiveCfg = Debug|Any CPU
		{D5B599A3-4E8E-4243-8184-0E9F78834BC2}.Debug|Any CPU.Build.0 = Debug|Any CPU
		{D5B599A3-4E8E-4243-8184-0E9F78834BC2}.Release|Any CPU.ActiveCfg = Release|Any CPU
		{D5B599A3-4E8E-4243-8184-0E9F78834BC2}.Release|Any CPU.Build.0 = Release|Any CPU
		{837C4202-7B5B-4962-8ED8-83C600D28F84}.Debug|Any CPU.ActiveCfg = Debug|Any CPU
		{837C4202-7B5B-4962-8ED8-83C600D28F84}.Debug|Any CPU.Build.0 = Debug|Any CPU
		{837C4202-7B5B-4962-8ED8-83C600D28F84}.Release|Any CPU.ActiveCfg = Release|Any CPU
		{837C4202-7B5B-4962-8ED8-83C600D28F84}.Release|Any CPU.Build.0 = Release|Any CPU
		{BB9C6505-760C-4208-83A8-06650BA7D903}.Debug|Any CPU.ActiveCfg = Debug|Any CPU
		{BB9C6505-760C-4208-83A8-06650BA7D903}.Debug|Any CPU.Build.0 = Debug|Any CPU
		{BB9C6505-760C-4208-83A8-06650BA7D903}.Release|Any CPU.ActiveCfg = Release|Any CPU
		{BB9C6505-760C-4208-83A8-06650BA7D903}.Release|Any CPU.Build.0 = Release|Any CPU
		{7507E0C5-B030-48C3-AFA0-669738FD3151}.Debug|Any CPU.ActiveCfg = Debug|Any CPU
		{7507E0C5-B030-48C3-AFA0-669738FD3151}.Debug|Any CPU.Build.0 = Debug|Any CPU
		{7507E0C5-B030-48C3-AFA0-669738FD3151}.Release|Any CPU.ActiveCfg = Release|Any CPU
		{7507E0C5-B030-48C3-AFA0-669738FD3151}.Release|Any CPU.Build.0 = Release|Any CPU
		{A4653171-08E0-4407-99FD-8A8DDF393B7A}.Debug|Any CPU.ActiveCfg = Debug|Any CPU
		{A4653171-08E0-4407-99FD-8A8DDF393B7A}.Debug|Any CPU.Build.0 = Debug|Any CPU
		{A4653171-08E0-4407-99FD-8A8DDF393B7A}.Release|Any CPU.ActiveCfg = Release|Any CPU
		{A4653171-08E0-4407-99FD-8A8DDF393B7A}.Release|Any CPU.Build.0 = Release|Any CPU
		{B7B99C82-B984-429F-A25F-9D4AD668C544}.Debug|Any CPU.ActiveCfg = Debug|Any CPU
		{B7B99C82-B984-429F-A25F-9D4AD668C544}.Debug|Any CPU.Build.0 = Debug|Any CPU
		{B7B99C82-B984-429F-A25F-9D4AD668C544}.Release|Any CPU.ActiveCfg = Release|Any CPU
		{B7B99C82-B984-429F-A25F-9D4AD668C544}.Release|Any CPU.Build.0 = Release|Any CPU
		{07A02223-A1DC-4BB9-8AAD-C47E018FAF1A}.Debug|Any CPU.ActiveCfg = Debug|Any CPU
		{07A02223-A1DC-4BB9-8AAD-C47E018FAF1A}.Debug|Any CPU.Build.0 = Debug|Any CPU
		{07A02223-A1DC-4BB9-8AAD-C47E018FAF1A}.Release|Any CPU.ActiveCfg = Release|Any CPU
		{07A02223-A1DC-4BB9-8AAD-C47E018FAF1A}.Release|Any CPU.Build.0 = Release|Any CPU
		{70A954B9-4C42-4E01-9257-60487E6E57E2}.Debug|Any CPU.ActiveCfg = Debug|Any CPU
		{70A954B9-4C42-4E01-9257-60487E6E57E2}.Debug|Any CPU.Build.0 = Debug|Any CPU
		{70A954B9-4C42-4E01-9257-60487E6E57E2}.Release|Any CPU.ActiveCfg = Release|Any CPU
		{70A954B9-4C42-4E01-9257-60487E6E57E2}.Release|Any CPU.Build.0 = Release|Any CPU
		{CAF95E25-E1E4-4147-A88E-47641D8E6F4A}.Debug|Any CPU.ActiveCfg = Debug|Any CPU
		{CAF95E25-E1E4-4147-A88E-47641D8E6F4A}.Debug|Any CPU.Build.0 = Debug|Any CPU
		{CAF95E25-E1E4-4147-A88E-47641D8E6F4A}.Release|Any CPU.ActiveCfg = Release|Any CPU
		{CAF95E25-E1E4-4147-A88E-47641D8E6F4A}.Release|Any CPU.Build.0 = Release|Any CPU
		{FE88FBE4-CFAB-4040-B11C-B6013EE2D11D}.Debug|Any CPU.ActiveCfg = Debug|Any CPU
		{FE88FBE4-CFAB-4040-B11C-B6013EE2D11D}.Debug|Any CPU.Build.0 = Debug|Any CPU
		{FE88FBE4-CFAB-4040-B11C-B6013EE2D11D}.Release|Any CPU.ActiveCfg = Release|Any CPU
		{FE88FBE4-CFAB-4040-B11C-B6013EE2D11D}.Release|Any CPU.Build.0 = Release|Any CPU
	EndGlobalSection
	GlobalSection(SolutionProperties) = preSolution
		HideSolutionNode = FALSE
	EndGlobalSection
	GlobalSection(NestedProjects) = preSolution
		{1D150065-A8FA-44C9-9893-22655C305A79} = {02EA681E-C7D8-13C7-8484-4AC65E1B71E8}
		{BE1A2732-F06A-44F0-B9D0-D39EEDCB928A} = {02EA681E-C7D8-13C7-8484-4AC65E1B71E8}
		{3F3A9B10-2DB3-4BC1-B0EF-50615FBDA81C} = {02EA681E-C7D8-13C7-8484-4AC65E1B71E8}
		{87F17CC3-7B1C-4065-87C7-C60CA014B4B4} = {6D228A7D-2343-48D9-92D8-972DC460A18F}
		{F9DBAA76-AACA-4ECB-8A8F-2197DE3689A7} = {6D228A7D-2343-48D9-92D8-972DC460A18F}
		{D5B599A3-4E8E-4243-8184-0E9F78834BC2} = {6D228A7D-2343-48D9-92D8-972DC460A18F}
		{837C4202-7B5B-4962-8ED8-83C600D28F84} = {1101C9EC-D11D-4D7D-BBDC-2353F30D1E9A}
		{BB9C6505-760C-4208-83A8-06650BA7D903} = {1101C9EC-D11D-4D7D-BBDC-2353F30D1E9A}
		{7507E0C5-B030-48C3-AFA0-669738FD3151} = {1101C9EC-D11D-4D7D-BBDC-2353F30D1E9A}
		{A4653171-08E0-4407-99FD-8A8DDF393B7A} = {F1E5B67A-F220-423B-904A-99D43991D5E7}
		{B7B99C82-B984-429F-A25F-9D4AD668C544} = {F1E5B67A-F220-423B-904A-99D43991D5E7}
		{07A02223-A1DC-4BB9-8AAD-C47E018FAF1A} = {F1E5B67A-F220-423B-904A-99D43991D5E7}
		{70A954B9-4C42-4E01-9257-60487E6E57E2} = {547755FB-C8C9-49CF-9BC1-7017454F58D2}
		{CAF95E25-E1E4-4147-A88E-47641D8E6F4A} = {547755FB-C8C9-49CF-9BC1-7017454F58D2}
		{FE88FBE4-CFAB-4040-B11C-B6013EE2D11D} = {547755FB-C8C9-49CF-9BC1-7017454F58D2}
	EndGlobalSection
	GlobalSection(ExtensibilityGlobals) = postSolution
		SolutionGuid = {43D3A286-030B-4B40-8A6A-9F4610940C9A}
	EndGlobalSection
EndGlobal
